
Microsoft Visual Studio Solution File, Format Version 12.00
# Visual Studio 14
VisualStudioVersion = 14.0.25123.0
MinimumVisualStudioVersion = 10.0.40219.1
Project("{FAE04EC0-301F-11D3-BF4B-00C04F79EFBC}") = "PalindromesFinder", "PalindromesFinder\PalindromesFinder.csproj", "{3076CF98-8DB4-4595-9157-8042E979F1BC}"
EndProject
Project("{FAE04EC0-301F-11D3-BF4B-00C04F79EFBC}") = "ConsoleUI", "ConsoleUI\ConsoleUI.csproj", "{C17F7713-CF8F-4E15-94CC-FC1764FCD077}"
EndProject
Project("{FAE04EC0-301F-11D3-BF4B-00C04F79EFBC}") = "UnitTests", "UnitTests\UnitTests.csproj", "{89D64268-F241-4E49-9015-DE2C41A1CDC5}"
EndProject
Global
	GlobalSection(SolutionConfigurationPlatforms) = preSolution
		Debug|Any CPU = Debug|Any CPU
		Release|Any CPU = Release|Any CPU
	EndGlobalSection
	GlobalSection(ProjectConfigurationPlatforms) = postSolution
		{3076CF98-8DB4-4595-9157-8042E979F1BC}.Debug|Any CPU.ActiveCfg = Debug|Any CPU
		{3076CF98-8DB4-4595-9157-8042E979F1BC}.Debug|Any CPU.Build.0 = Debug|Any CPU
		{3076CF98-8DB4-4595-9157-8042E979F1BC}.Release|Any CPU.ActiveCfg = Release|Any CPU
		{3076CF98-8DB4-4595-9157-8042E979F1BC}.Release|Any CPU.Build.0 = Release|Any CPU
		{C17F7713-CF8F-4E15-94CC-FC1764FCD077}.Debug|Any CPU.ActiveCfg = Debug|Any CPU
		{C17F7713-CF8F-4E15-94CC-FC1764FCD077}.Debug|Any CPU.Build.0 = Debug|Any CPU
		{C17F7713-CF8F-4E15-94CC-FC1764FCD077}.Release|Any CPU.ActiveCfg = Release|Any CPU
		{C17F7713-CF8F-4E15-94CC-FC1764FCD077}.Release|Any CPU.Build.0 = Release|Any CPU
		{89D64268-F241-4E49-9015-DE2C41A1CDC5}.Debug|Any CPU.ActiveCfg = Debug|Any CPU
		{89D64268-F241-4E49-9015-DE2C41A1CDC5}.Debug|Any CPU.Build.0 = Debug|Any CPU
		{89D64268-F241-4E49-9015-DE2C41A1CDC5}.Release|Any CPU.ActiveCfg = Release|Any CPU
		{89D64268-F241-4E49-9015-DE2C41A1CDC5}.Release|Any CPU.Build.0 = Release|Any CPU
	EndGlobalSection
	GlobalSection(SolutionProperties) = preSolution
		HideSolutionNode = FALSE
	EndGlobalSection
EndGlobal
